
Microsoft Visual Studio Solution File, Format Version 12.00
# Visual Studio Version 17
VisualStudioVersion = 17.11.35327.3
MinimumVisualStudioVersion = 10.0.40219.1
Project("{FAE04EC0-301F-11D3-BF4B-00C04F79EFBC}") = "StudentClassPicker", "StudentClassPicker\StudentClassPicker.csproj", "{4C0D39D3-E7B9-4548-BD72-247EEB7C7D59}"
EndProject
Global
	GlobalSection(SolutionConfigurationPlatforms) = preSolution
		Debug|Any CPU = Debug|Any CPU
		Release|Any CPU = Release|Any CPU
	EndGlobalSection
	GlobalSection(ProjectConfigurationPlatforms) = postSolution
		{4C0D39D3-E7B9-4548-BD72-247EEB7C7D59}.Debug|Any CPU.ActiveCfg = Debug|Any CPU
		{4C0D39D3-E7B9-4548-BD72-247EEB7C7D59}.Debug|Any CPU.Build.0 = Debug|Any CPU
		{4C0D39D3-E7B9-4548-BD72-247EEB7C7D59}.Debug|Any CPU.Deploy.0 = Debug|Any CPU
		{4C0D39D3-E7B9-4548-BD72-247EEB7C7D59}.Release|Any CPU.ActiveCfg = Release|Any CPU
		{4C0D39D3-E7B9-4548-BD72-247EEB7C7D59}.Release|Any CPU.Build.0 = Release|Any CPU
		{4C0D39D3-E7B9-4548-BD72-247EEB7C7D59}.Release|Any CPU.Deploy.0 = Release|Any CPU
	EndGlobalSection
	GlobalSection(SolutionProperties) = preSolution
		HideSolutionNode = FALSE
	EndGlobalSection
	GlobalSection(ExtensibilityGlobals) = postSolution
		SolutionGuid = {3ED858B3-E3B8-4698-A654-615A0690B9B9}
	EndGlobalSection
EndGlobal
